// !$*UTF8*$!
{
	archiveVersion = 1;
	classes = {
	};
	objectVersion = 46;
	objects = {

/* Begin PBXBuildFile section */
		379CD7FD1EFD4BA6007E1411 /* main.m in Sources */ = {isa = PBXBuildFile; fileRef = 379CD7FC1EFD4BA6007E1411 /* main.m */; };
		379CD8001EFD4BA6007E1411 /* AppDelegate.m in Sources */ = {isa = PBXBuildFile; fileRef = 379CD7FF1EFD4BA6007E1411 /* AppDelegate.m */; };
		379CD8031EFD4BA6007E1411 /* ViewController.m in Sources */ = {isa = PBXBuildFile; fileRef = 379CD8021EFD4BA6007E1411 /* ViewController.m */; };
		379CD8061EFD4BA6007E1411 /* Main.storyboard in Resources */ = {isa = PBXBuildFile; fileRef = 379CD8041EFD4BA6007E1411 /* Main.storyboard */; };
		379CD8081EFD4BA6007E1411 /* Assets.xcassets in Resources */ = {isa = PBXBuildFile; fileRef = 379CD8071EFD4BA6007E1411 /* Assets.xcassets */; };
		379CD80B1EFD4BA6007E1411 /* LaunchScreen.storyboard in Resources */ = {isa = PBXBuildFile; fileRef = 379CD8091EFD4BA6007E1411 /* LaunchScreen.storyboard */; };
		379CD8171EFD50D4007E1411 /* DownloadOperation.m in Sources */ = {isa = PBXBuildFile; fileRef = 379CD8161EFD50D4007E1411 /* DownloadOperation.m */; };
		379CD84F1EFE7C91007E1411 /* AFHTTPSessionManager.m in Sources */ = {isa = PBXBuildFile; fileRef = 379CD81B1EFE7C91007E1411 /* AFHTTPSessionManager.m */; };
		379CD8501EFE7C91007E1411 /* AFNetworkReachabilityManager.m in Sources */ = {isa = PBXBuildFile; fileRef = 379CD81E1EFE7C91007E1411 /* AFNetworkReachabilityManager.m */; };
		379CD8511EFE7C91007E1411 /* AFSecurityPolicy.m in Sources */ = {isa = PBXBuildFile; fileRef = 379CD8201EFE7C91007E1411 /* AFSecurityPolicy.m */; };
		379CD8521EFE7C91007E1411 /* AFURLRequestSerialization.m in Sources */ = {isa = PBXBuildFile; fileRef = 379CD8221EFE7C91007E1411 /* AFURLRequestSerialization.m */; };
		379CD8531EFE7C91007E1411 /* AFURLResponseSerialization.m in Sources */ = {isa = PBXBuildFile; fileRef = 379CD8241EFE7C91007E1411 /* AFURLResponseSerialization.m */; };
		379CD8541EFE7C91007E1411 /* AFURLSessionManager.m in Sources */ = {isa = PBXBuildFile; fileRef = 379CD8261EFE7C91007E1411 /* AFURLSessionManager.m */; };
		379CD8551EFE7C91007E1411 /* MKAnnotationView+WebCache.m in Sources */ = {isa = PBXBuildFile; fileRef = 379CD8291EFE7C91007E1411 /* MKAnnotationView+WebCache.m */; };
		379CD8561EFE7C91007E1411 /* NSData+ImageContentType.m in Sources */ = {isa = PBXBuildFile; fileRef = 379CD82B1EFE7C91007E1411 /* NSData+ImageContentType.m */; };
		379CD8571EFE7C91007E1411 /* SDImageCache.m in Sources */ = {isa = PBXBuildFile; fileRef = 379CD82D1EFE7C91007E1411 /* SDImageCache.m */; };
		379CD8581EFE7C91007E1411 /* SDWebImageCompat.m in Sources */ = {isa = PBXBuildFile; fileRef = 379CD82F1EFE7C91007E1411 /* SDWebImageCompat.m */; };
		379CD8591EFE7C91007E1411 /* SDWebImageDecoder.m in Sources */ = {isa = PBXBuildFile; fileRef = 379CD8311EFE7C91007E1411 /* SDWebImageDecoder.m */; };
		379CD85A1EFE7C91007E1411 /* SDWebImageDownloader.m in Sources */ = {isa = PBXBuildFile; fileRef = 379CD8331EFE7C91007E1411 /* SDWebImageDownloader.m */; };
		379CD85B1EFE7C91007E1411 /* SDWebImageDownloaderOperation.m in Sources */ = {isa = PBXBuildFile; fileRef = 379CD8351EFE7C91007E1411 /* SDWebImageDownloaderOperation.m */; };
		379CD85C1EFE7C91007E1411 /* SDWebImageManager.m in Sources */ = {isa = PBXBuildFile; fileRef = 379CD8371EFE7C91007E1411 /* SDWebImageManager.m */; };
		379CD85D1EFE7C91007E1411 /* SDWebImagePrefetcher.m in Sources */ = {isa = PBXBuildFile; fileRef = 379CD83A1EFE7C91007E1411 /* SDWebImagePrefetcher.m */; };
		379CD85E1EFE7C91007E1411 /* UIButton+WebCache.m in Sources */ = {isa = PBXBuildFile; fileRef = 379CD83C1EFE7C91007E1411 /* UIButton+WebCache.m */; };
		379CD85F1EFE7C91007E1411 /* UIImage+GIF.m in Sources */ = {isa = PBXBuildFile; fileRef = 379CD83E1EFE7C91007E1411 /* UIImage+GIF.m */; };
		379CD8601EFE7C91007E1411 /* UIImage+MultiFormat.m in Sources */ = {isa = PBXBuildFile; fileRef = 379CD8401EFE7C91007E1411 /* UIImage+MultiFormat.m */; };
		379CD8611EFE7C91007E1411 /* UIImage+WebP.m in Sources */ = {isa = PBXBuildFile; fileRef = 379CD8421EFE7C91007E1411 /* UIImage+WebP.m */; };
		379CD8621EFE7C91007E1411 /* UIImageView+HighlightedWebCache.m in Sources */ = {isa = PBXBuildFile; fileRef = 379CD8441EFE7C91007E1411 /* UIImageView+HighlightedWebCache.m */; };
		379CD8631EFE7C91007E1411 /* UIImageView+WebCache.m in Sources */ = {isa = PBXBuildFile; fileRef = 379CD8461EFE7C91007E1411 /* UIImageView+WebCache.m */; };
		379CD8641EFE7C91007E1411 /* UIView+WebCacheOperation.m in Sources */ = {isa = PBXBuildFile; fileRef = 379CD8481EFE7C91007E1411 /* UIView+WebCacheOperation.m */; };
		379CD8651EFE7C91007E1411 /* NSObject+YYModel.m in Sources */ = {isa = PBXBuildFile; fileRef = 379CD84B1EFE7C91007E1411 /* NSObject+YYModel.m */; };
		379CD8661EFE7C91007E1411 /* YYClassInfo.m in Sources */ = {isa = PBXBuildFile; fileRef = 379CD84D1EFE7C91007E1411 /* YYClassInfo.m */; };
		379CD8691EFE7D06007E1411 /* APPModel.m in Sources */ = {isa = PBXBuildFile; fileRef = 379CD8681EFE7D06007E1411 /* APPModel.m */; };
		379CD86C1EFE89FC007E1411 /* DownloadManager.m in Sources */ = {isa = PBXBuildFile; fileRef = 379CD86B1EFE89FC007E1411 /* DownloadManager.m */; };
/* End PBXBuildFile section */

/* Begin PBXFileReference section */
		379CD7F81EFD4BA6007E1411 /* 线day_04_仿SDWebImage.app */ = {isa = PBXFileReference; explicitFileType = wrapper.application; includeInIndex = 0; path = "线day_04_仿SDWebImage.app"; sourceTree = BUILT_PRODUCTS_DIR; };
		379CD7FC1EFD4BA6007E1411 /* main.m */ = {isa = PBXFileReference; lastKnownFileType = sourcecode.c.objc; path = main.m; sourceTree = "<group>"; };
		379CD7FE1EFD4BA6007E1411 /* AppDelegate.h */ = {isa = PBXFileReference; lastKnownFileType = sourcecode.c.h; path = AppDelegate.h; sourceTree = "<group>"; };
		379CD7FF1EFD4BA6007E1411 /* AppDelegate.m */ = {isa = PBXFileReference; lastKnownFileType = sourcecode.c.objc; path = AppDelegate.m; sourceTree = "<group>"; };
		379CD8011EFD4BA6007E1411 /* ViewController.h */ = {isa = PBXFileReference; lastKnownFileType = sourcecode.c.h; path = ViewController.h; sourceTree = "<group>"; };
		379CD8021EFD4BA6007E1411 /* ViewController.m */ = {isa = PBXFileReference; lastKnownFileType = sourcecode.c.objc; path = ViewController.m; sourceTree = "<group>"; };
		379CD8051EFD4BA6007E1411 /* Base */ = {isa = PBXFileReference; lastKnownFileType = file.storyboard; name = Base; path = Base.lproj/Main.storyboard; sourceTree = "<group>"; };
		379CD8071EFD4BA6007E1411 /* Assets.xcassets */ = {isa = PBXFileReference; lastKnownFileType = folder.assetcatalog; path = Assets.xcassets; sourceTree = "<group>"; };
		379CD80A1EFD4BA6007E1411 /* Base */ = {isa = PBXFileReference; lastKnownFileType = file.storyboard; name = Base; path = Base.lproj/LaunchScreen.storyboard; sourceTree = "<group>"; };
		379CD80C1EFD4BA6007E1411 /* Info.plist */ = {isa = PBXFileReference; lastKnownFileType = text.plist.xml; path = Info.plist; sourceTree = "<group>"; };
		379CD8151EFD50D4007E1411 /* DownloadOperation.h */ = {isa = PBXFileReference; fileEncoding = 4; lastKnownFileType = sourcecode.c.h; path = DownloadOperation.h; sourceTree = "<group>"; };
		379CD8161EFD50D4007E1411 /* DownloadOperation.m */ = {isa = PBXFileReference; fileEncoding = 4; lastKnownFileType = sourcecode.c.objc; path = DownloadOperation.m; sourceTree = "<group>"; };
		379CD81A1EFE7C91007E1411 /* AFHTTPSessionManager.h */ = {isa = PBXFileReference; fileEncoding = 4; lastKnownFileType = sourcecode.c.h; path = AFHTTPSessionManager.h; sourceTree = "<group>"; };
		379CD81B1EFE7C91007E1411 /* AFHTTPSessionManager.m */ = {isa = PBXFileReference; fileEncoding = 4; lastKnownFileType = sourcecode.c.objc; path = AFHTTPSessionManager.m; sourceTree = "<group>"; };
		379CD81C1EFE7C91007E1411 /* AFNetworking.h */ = {isa = PBXFileReference; fileEncoding = 4; lastKnownFileType = sourcecode.c.h; path = AFNetworking.h; sourceTree = "<group>"; };
		379CD81D1EFE7C91007E1411 /* AFNetworkReachabilityManager.h */ = {isa = PBXFileReference; fileEncoding = 4; lastKnownFileType = sourcecode.c.h; path = AFNetworkReachabilityManager.h; sourceTree = "<group>"; };
		379CD81E1EFE7C91007E1411 /* AFNetworkReachabilityManager.m */ = {isa = PBXFileReference; fileEncoding = 4; lastKnownFileType = sourcecode.c.objc; path = AFNetworkReachabilityManager.m; sourceTree = "<group>"; };
		379CD81F1EFE7C91007E1411 /* AFSecurityPolicy.h */ = {isa = PBXFileReference; fileEncoding = 4; lastKnownFileType = sourcecode.c.h; path = AFSecurityPolicy.h; sourceTree = "<group>"; };
		379CD8201EFE7C91007E1411 /* AFSecurityPolicy.m */ = {isa = PBXFileReference; fileEncoding = 4; lastKnownFileType = sourcecode.c.objc; path = AFSecurityPolicy.m; sourceTree = "<group>"; };
		379CD8211EFE7C91007E1411 /* AFURLRequestSerialization.h */ = {isa = PBXFileReference; fileEncoding = 4; lastKnownFileType = sourcecode.c.h; path = AFURLRequestSerialization.h; sourceTree = "<group>"; };
		379CD8221EFE7C91007E1411 /* AFURLRequestSerialization.m */ = {isa = PBXFileReference; fileEncoding = 4; lastKnownFileType = sourcecode.c.objc; path = AFURLRequestSerialization.m; sourceTree = "<group>"; };
		379CD8231EFE7C91007E1411 /* AFURLResponseSerialization.h */ = {isa = PBXFileReference; fileEncoding = 4; lastKnownFileType = sourcecode.c.h; path = AFURLResponseSerialization.h; sourceTree = "<group>"; };
		379CD8241EFE7C91007E1411 /* AFURLResponseSerialization.m */ = {isa = PBXFileReference; fileEncoding = 4; lastKnownFileType = sourcecode.c.objc; path = AFURLResponseSerialization.m; sourceTree = "<group>"; };
		379CD8251EFE7C91007E1411 /* AFURLSessionManager.h */ = {isa = PBXFileReference; fileEncoding = 4; lastKnownFileType = sourcecode.c.h; path = AFURLSessionManager.h; sourceTree = "<group>"; };
		379CD8261EFE7C91007E1411 /* AFURLSessionManager.m */ = {isa = PBXFileReference; fileEncoding = 4; lastKnownFileType = sourcecode.c.objc; path = AFURLSessionManager.m; sourceTree = "<group>"; };
		379CD8281EFE7C91007E1411 /* MKAnnotationView+WebCache.h */ = {isa = PBXFileReference; fileEncoding = 4; lastKnownFileType = sourcecode.c.h; path = "MKAnnotationView+WebCache.h"; sourceTree = "<group>"; };
		379CD8291EFE7C91007E1411 /* MKAnnotationView+WebCache.m */ = {isa = PBXFileReference; fileEncoding = 4; lastKnownFileType = sourcecode.c.objc; path = "MKAnnotationView+WebCache.m"; sourceTree = "<group>"; };
		379CD82A1EFE7C91007E1411 /* NSData+ImageContentType.h */ = {isa = PBXFileReference; fileEncoding = 4; lastKnownFileType = sourcecode.c.h; path = "NSData+ImageContentType.h"; sourceTree = "<group>"; };
		379CD82B1EFE7C91007E1411 /* NSData+ImageContentType.m */ = {isa = PBXFileReference; fileEncoding = 4; lastKnownFileType = sourcecode.c.objc; path = "NSData+ImageContentType.m"; sourceTree = "<group>"; };
		379CD82C1EFE7C91007E1411 /* SDImageCache.h */ = {isa = PBXFileReference; fileEncoding = 4; lastKnownFileType = sourcecode.c.h; path = SDImageCache.h; sourceTree = "<group>"; };
		379CD82D1EFE7C91007E1411 /* SDImageCache.m */ = {isa = PBXFileReference; fileEncoding = 4; lastKnownFileType = sourcecode.c.objc; path = SDImageCache.m; sourceTree = "<group>"; };
		379CD82E1EFE7C91007E1411 /* SDWebImageCompat.h */ = {isa = PBXFileReference; fileEncoding = 4; lastKnownFileType = sourcecode.c.h; path = SDWebImageCompat.h; sourceTree = "<group>"; };
		379CD82F1EFE7C91007E1411 /* SDWebImageCompat.m */ = {isa = PBXFileReference; fileEncoding = 4; lastKnownFileType = sourcecode.c.objc; path = SDWebImageCompat.m; sourceTree = "<group>"; };
		379CD8301EFE7C91007E1411 /* SDWebImageDecoder.h */ = {isa = PBXFileReference; fileEncoding = 4; lastKnownFileType = sourcecode.c.h; path = SDWebImageDecoder.h; sourceTree = "<group>"; };
		379CD8311EFE7C91007E1411 /* SDWebImageDecoder.m */ = {isa = PBXFileReference; fileEncoding = 4; lastKnownFileType = sourcecode.c.objc; path = SDWebImageDecoder.m; sourceTree = "<group>"; };
		379CD8321EFE7C91007E1411 /* SDWebImageDownloader.h */ = {isa = PBXFileReference; fileEncoding = 4; lastKnownFileType = sourcecode.c.h; path = SDWebImageDownloader.h; sourceTree = "<group>"; };
		379CD8331EFE7C91007E1411 /* SDWebImageDownloader.m */ = {isa = PBXFileReference; fileEncoding = 4; lastKnownFileType = sourcecode.c.objc; path = SDWebImageDownloader.m; sourceTree = "<group>"; };
		379CD8341EFE7C91007E1411 /* SDWebImageDownloaderOperation.h */ = {isa = PBXFileReference; fileEncoding = 4; lastKnownFileType = sourcecode.c.h; path = SDWebImageDownloaderOperation.h; sourceTree = "<group>"; };
		379CD8351EFE7C91007E1411 /* SDWebImageDownloaderOperation.m */ = {isa = PBXFileReference; fileEncoding = 4; lastKnownFileType = sourcecode.c.objc; path = SDWebImageDownloaderOperation.m; sourceTree = "<group>"; };
		379CD8361EFE7C91007E1411 /* SDWebImageManager.h */ = {isa = PBXFileReference; fileEncoding = 4; lastKnownFileType = sourcecode.c.h; path = SDWebImageManager.h; sourceTree = "<group>"; };
		379CD8371EFE7C91007E1411 /* SDWebImageManager.m */ = {isa = PBXFileReference; fileEncoding = 4; lastKnownFileType = sourcecode.c.objc; path = SDWebImageManager.m; sourceTree = "<group>"; };
		379CD8381EFE7C91007E1411 /* SDWebImageOperation.h */ = {isa = PBXFileReference; fileEncoding = 4; lastKnownFileType = sourcecode.c.h; path = SDWebImageOperation.h; sourceTree = "<group>"; };
		379CD8391EFE7C91007E1411 /* SDWebImagePrefetcher.h */ = {isa = PBXFileReference; fileEncoding = 4; lastKnownFileType = sourcecode.c.h; path = SDWebImagePrefetcher.h; sourceTree = "<group>"; };
		379CD83A1EFE7C91007E1411 /* SDWebImagePrefetcher.m */ = {isa = PBXFileReference; fileEncoding = 4; lastKnownFileType = sourcecode.c.objc; path = SDWebImagePrefetcher.m; sourceTree = "<group>"; };
		379CD83B1EFE7C91007E1411 /* UIButton+WebCache.h */ = {isa = PBXFileReference; fileEncoding = 4; lastKnownFileType = sourcecode.c.h; path = "UIButton+WebCache.h"; sourceTree = "<group>"; };
		379CD83C1EFE7C91007E1411 /* UIButton+WebCache.m */ = {isa = PBXFileReference; fileEncoding = 4; lastKnownFileType = sourcecode.c.objc; path = "UIButton+WebCache.m"; sourceTree = "<group>"; };
		379CD83D1EFE7C91007E1411 /* UIImage+GIF.h */ = {isa = PBXFileReference; fileEncoding = 4; lastKnownFileType = sourcecode.c.h; path = "UIImage+GIF.h"; sourceTree = "<group>"; };
		379CD83E1EFE7C91007E1411 /* UIImage+GIF.m */ = {isa = PBXFileReference; fileEncoding = 4; lastKnownFileType = sourcecode.c.objc; path = "UIImage+GIF.m"; sourceTree = "<group>"; };
		379CD83F1EFE7C91007E1411 /* UIImage+MultiFormat.h */ = {isa = PBXFileReference; fileEncoding = 4; lastKnownFileType = sourcecode.c.h; path = "UIImage+MultiFormat.h"; sourceTree = "<group>"; };
		379CD8401EFE7C91007E1411 /* UIImage+MultiFormat.m */ = {isa = PBXFileReference; fileEncoding = 4; lastKnownFileType = sourcecode.c.objc; path = "UIImage+MultiFormat.m"; sourceTree = "<group>"; };
		379CD8411EFE7C91007E1411 /* UIImage+WebP.h */ = {isa = PBXFileReference; fileEncoding = 4; lastKnownFileType = sourcecode.c.h; path = "UIImage+WebP.h"; sourceTree = "<group>"; };
		379CD8421EFE7C91007E1411 /* UIImage+WebP.m */ = {isa = PBXFileReference; fileEncoding = 4; lastKnownFileType = sourcecode.c.objc; path = "UIImage+WebP.m"; sourceTree = "<group>"; };
		379CD8431EFE7C91007E1411 /* UIImageView+HighlightedWebCache.h */ = {isa = PBXFileReference; fileEncoding = 4; lastKnownFileType = sourcecode.c.h; path = "UIImageView+HighlightedWebCache.h"; sourceTree = "<group>"; };
		379CD8441EFE7C91007E1411 /* UIImageView+HighlightedWebCache.m */ = {isa = PBXFileReference; fileEncoding = 4; lastKnownFileType = sourcecode.c.objc; path = "UIImageView+HighlightedWebCache.m"; sourceTree = "<group>"; };
		379CD8451EFE7C91007E1411 /* UIImageView+WebCache.h */ = {isa = PBXFileReference; fileEncoding = 4; lastKnownFileType = sourcecode.c.h; path = "UIImageView+WebCache.h"; sourceTree = "<group>"; };
		379CD8461EFE7C91007E1411 /* UIImageView+WebCache.m */ = {isa = PBXFileReference; fileEncoding = 4; lastKnownFileType = sourcecode.c.objc; path = "UIImageView+WebCache.m"; sourceTree = "<group>"; };
		379CD8471EFE7C91007E1411 /* UIView+WebCacheOperation.h */ = {isa = PBXFileReference; fileEncoding = 4; lastKnownFileType = sourcecode.c.h; path = "UIView+WebCacheOperation.h"; sourceTree = "<group>"; };
		379CD8481EFE7C91007E1411 /* UIView+WebCacheOperation.m */ = {isa = PBXFileReference; fileEncoding = 4; lastKnownFileType = sourcecode.c.objc; path = "UIView+WebCacheOperation.m"; sourceTree = "<group>"; };
		379CD84A1EFE7C91007E1411 /* NSObject+YYModel.h */ = {isa = PBXFileReference; fileEncoding = 4; lastKnownFileType = sourcecode.c.h; path = "NSObject+YYModel.h"; sourceTree = "<group>"; };
		379CD84B1EFE7C91007E1411 /* NSObject+YYModel.m */ = {isa = PBXFileReference; fileEncoding = 4; lastKnownFileType = sourcecode.c.objc; path = "NSObject+YYModel.m"; sourceTree = "<group>"; };
		379CD84C1EFE7C91007E1411 /* YYClassInfo.h */ = {isa = PBXFileReference; fileEncoding = 4; lastKnownFileType = sourcecode.c.h; path = YYClassInfo.h; sourceTree = "<group>"; };
		379CD84D1EFE7C91007E1411 /* YYClassInfo.m */ = {isa = PBXFileReference; fileEncoding = 4; lastKnownFileType = sourcecode.c.objc; path = YYClassInfo.m; sourceTree = "<group>"; };
		379CD84E1EFE7C91007E1411 /* YYModel.h */ = {isa = PBXFileReference; fileEncoding = 4; lastKnownFileType = sourcecode.c.h; path = YYModel.h; sourceTree = "<group>"; };
		379CD8671EFE7D06007E1411 /* APPModel.h */ = {isa = PBXFileReference; fileEncoding = 4; lastKnownFileType = sourcecode.c.h; path = APPModel.h; sourceTree = "<group>"; };
		379CD8681EFE7D06007E1411 /* APPModel.m */ = {isa = PBXFileReference; fileEncoding = 4; lastKnownFileType = sourcecode.c.objc; path = APPModel.m; sourceTree = "<group>"; };
		379CD86A1EFE89FC007E1411 /* DownloadManager.h */ = {isa = PBXFileReference; fileEncoding = 4; lastKnownFileType = sourcecode.c.h; path = DownloadManager.h; sourceTree = "<group>"; };
		379CD86B1EFE89FC007E1411 /* DownloadManager.m */ = {isa = PBXFileReference; fileEncoding = 4; lastKnownFileType = sourcecode.c.objc; path = DownloadManager.m; sourceTree = "<group>"; };
/* End PBXFileReference section */

/* Begin PBXFrameworksBuildPhase section */
		379CD7F51EFD4BA6007E1411 /* Frameworks */ = {
			isa = PBXFrameworksBuildPhase;
			buildActionMask = 2147483647;
			files = (
			);
			runOnlyForDeploymentPostprocessing = 0;
		};
/* End PBXFrameworksBuildPhase section */

/* Begin PBXGroup section */
		379CD7EF1EFD4BA6007E1411 = {
			isa = PBXGroup;
			children = (
				379CD7FA1EFD4BA6007E1411 /* 线day_04_仿SDWebImage */,
				379CD7F91EFD4BA6007E1411 /* Products */,
			);
			sourceTree = "<group>";
		};
		379CD7F91EFD4BA6007E1411 /* Products */ = {
			isa = PBXGroup;
			children = (
				379CD7F81EFD4BA6007E1411 /* 线day_04_仿SDWebImage.app */,
			);
			name = Products;
			sourceTree = "<group>";
		};
		379CD7FA1EFD4BA6007E1411 /* 线day_04_仿SDWebImage */ = {
			isa = PBXGroup;
			children = (
				379CD7FE1EFD4BA6007E1411 /* AppDelegate.h */,
				379CD7FF1EFD4BA6007E1411 /* AppDelegate.m */,
				379CD8151EFD50D4007E1411 /* DownloadOperation.h */,
				379CD8161EFD50D4007E1411 /* DownloadOperation.m */,
				379CD86A1EFE89FC007E1411 /* DownloadManager.h */,
				379CD86B1EFE89FC007E1411 /* DownloadManager.m */,
				379CD8011EFD4BA6007E1411 /* ViewController.h */,
				379CD8021EFD4BA6007E1411 /* ViewController.m */,
				379CD8041EFD4BA6007E1411 /* Main.storyboard */,
				379CD8071EFD4BA6007E1411 /* Assets.xcassets */,
				379CD8091EFD4BA6007E1411 /* LaunchScreen.storyboard */,
				379CD80C1EFD4BA6007E1411 /* Info.plist */,
				379CD8671EFE7D06007E1411 /* APPModel.h */,
				379CD8681EFE7D06007E1411 /* APPModel.m */,
				379CD8181EFE7C91007E1411 /* ThirdLib */,
				379CD7FB1EFD4BA6007E1411 /* Supporting Files */,
			);
			path = "线day_04_仿SDWebImage";
			sourceTree = "<group>";
		};
		379CD7FB1EFD4BA6007E1411 /* Supporting Files */ = {
			isa = PBXGroup;
			children = (
				379CD7FC1EFD4BA6007E1411 /* main.m */,
			);
			name = "Supporting Files";
			sourceTree = "<group>";
		};
		379CD8181EFE7C91007E1411 /* ThirdLib */ = {
			isa = PBXGroup;
			children = (
				379CD8191EFE7C91007E1411 /* AFNetworking */,
				379CD8271EFE7C91007E1411 /* SDWebImage */,
				379CD8491EFE7C91007E1411 /* YYModel */,
			);
			path = ThirdLib;
			sourceTree = "<group>";
		};
		379CD8191EFE7C91007E1411 /* AFNetworking */ = {
			isa = PBXGroup;
			children = (
				379CD81A1EFE7C91007E1411 /* AFHTTPSessionManager.h */,
				379CD81B1EFE7C91007E1411 /* AFHTTPSessionManager.m */,
				379CD81C1EFE7C91007E1411 /* AFNetworking.h */,
				379CD81D1EFE7C91007E1411 /* AFNetworkReachabilityManager.h */,
				379CD81E1EFE7C91007E1411 /* AFNetworkReachabilityManager.m */,
				379CD81F1EFE7C91007E1411 /* AFSecurityPolicy.h */,
				379CD8201EFE7C91007E1411 /* AFSecurityPolicy.m */,
				379CD8211EFE7C91007E1411 /* AFURLRequestSerialization.h */,
				379CD8221EFE7C91007E1411 /* AFURLRequestSerialization.m */,
				379CD8231EFE7C91007E1411 /* AFURLResponseSerialization.h */,
				379CD8241EFE7C91007E1411 /* AFURLResponseSerialization.m */,
				379CD8251EFE7C91007E1411 /* AFURLSessionManager.h */,
				379CD8261EFE7C91007E1411 /* AFURLSessionManager.m */,
			);
			path = AFNetworking;
			sourceTree = "<group>";
		};
		379CD8271EFE7C91007E1411 /* SDWebImage */ = {
			isa = PBXGroup;
			children = (
				379CD8281EFE7C91007E1411 /* MKAnnotationView+WebCache.h */,
				379CD8291EFE7C91007E1411 /* MKAnnotationView+WebCache.m */,
				379CD82A1EFE7C91007E1411 /* NSData+ImageContentType.h */,
				379CD82B1EFE7C91007E1411 /* NSData+ImageContentType.m */,
				379CD82C1EFE7C91007E1411 /* SDImageCache.h */,
				379CD82D1EFE7C91007E1411 /* SDImageCache.m */,
				379CD82E1EFE7C91007E1411 /* SDWebImageCompat.h */,
				379CD82F1EFE7C91007E1411 /* SDWebImageCompat.m */,
				379CD8301EFE7C91007E1411 /* SDWebImageDecoder.h */,
				379CD8311EFE7C91007E1411 /* SDWebImageDecoder.m */,
				379CD8321EFE7C91007E1411 /* SDWebImageDownloader.h */,
				379CD8331EFE7C91007E1411 /* SDWebImageDownloader.m */,
				379CD8341EFE7C91007E1411 /* SDWebImageDownloaderOperation.h */,
				379CD8351EFE7C91007E1411 /* SDWebImageDownloaderOperation.m */,
				379CD8361EFE7C91007E1411 /* SDWebImageManager.h */,
				379CD8371EFE7C91007E1411 /* SDWebImageManager.m */,
				379CD8381EFE7C91007E1411 /* SDWebImageOperation.h */,
				379CD8391EFE7C91007E1411 /* SDWebImagePrefetcher.h */,
				379CD83A1EFE7C91007E1411 /* SDWebImagePrefetcher.m */,
				379CD83B1EFE7C91007E1411 /* UIButton+WebCache.h */,
				379CD83C1EFE7C91007E1411 /* UIButton+WebCache.m */,
				379CD83D1EFE7C91007E1411 /* UIImage+GIF.h */,
				379CD83E1EFE7C91007E1411 /* UIImage+GIF.m */,
				379CD83F1EFE7C91007E1411 /* UIImage+MultiFormat.h */,
				379CD8401EFE7C91007E1411 /* UIImage+MultiFormat.m */,
				379CD8411EFE7C91007E1411 /* UIImage+WebP.h */,
				379CD8421EFE7C91007E1411 /* UIImage+WebP.m */,
				379CD8431EFE7C91007E1411 /* UIImageView+HighlightedWebCache.h */,
				379CD8441EFE7C91007E1411 /* UIImageView+HighlightedWebCache.m */,
				379CD8451EFE7C91007E1411 /* UIImageView+WebCache.h */,
				379CD8461EFE7C91007E1411 /* UIImageView+WebCache.m */,
				379CD8471EFE7C91007E1411 /* UIView+WebCacheOperation.h */,
				379CD8481EFE7C91007E1411 /* UIView+WebCacheOperation.m */,
			);
			path = SDWebImage;
			sourceTree = "<group>";
		};
		379CD8491EFE7C91007E1411 /* YYModel */ = {
			isa = PBXGroup;
			children = (
				379CD84A1EFE7C91007E1411 /* NSObject+YYModel.h */,
				379CD84B1EFE7C91007E1411 /* NSObject+YYModel.m */,
				379CD84C1EFE7C91007E1411 /* YYClassInfo.h */,
				379CD84D1EFE7C91007E1411 /* YYClassInfo.m */,
				379CD84E1EFE7C91007E1411 /* YYModel.h */,
			);
			path = YYModel;
			sourceTree = "<group>";
		};
/* End PBXGroup section */

/* Begin PBXNativeTarget section */
		379CD7F71EFD4BA6007E1411 /* 线day_04_仿SDWebImage */ = {
			isa = PBXNativeTarget;
			buildConfigurationList = 379CD80F1EFD4BA6007E1411 /* Build configuration list for PBXNativeTarget "线day_04_仿SDWebImage" */;
			buildPhases = (
				379CD7F41EFD4BA6007E1411 /* Sources */,
				379CD7F51EFD4BA6007E1411 /* Frameworks */,
				379CD7F61EFD4BA6007E1411 /* Resources */,
			);
			buildRules = (
			);
			dependencies = (
			);
			name = "线day_04_仿SDWebImage";
			productName = "线day_04_仿SDWebImage";
			productReference = 379CD7F81EFD4BA6007E1411 /* 线day_04_仿SDWebImage.app */;
			productType = "com.apple.product-type.application";
		};
/* End PBXNativeTarget section */

/* Begin PBXProject section */
		379CD7F01EFD4BA6007E1411 /* Project object */ = {
			isa = PBXProject;
			attributes = {
				LastUpgradeCheck = 0820;
				ORGANIZATIONNAME = AAAA;
				TargetAttributes = {
					379CD7F71EFD4BA6007E1411 = {
						CreatedOnToolsVersion = 8.2.1;
						ProvisioningStyle = Automatic;
					};
				};
			};
			buildConfigurationList = 379CD7F31EFD4BA6007E1411 /* Build configuration list for PBXProject "线day_04_仿SDWebImage" */;
			compatibilityVersion = "Xcode 3.2";
			developmentRegion = English;
			hasScannedForEncodings = 0;
			knownRegions = (
				en,
				Base,
			);
			mainGroup = 379CD7EF1EFD4BA6007E1411;
			productRefGroup = 379CD7F91EFD4BA6007E1411 /* Products */;
			projectDirPath = "";
			projectRoot = "";
			targets = (
				379CD7F71EFD4BA6007E1411 /* 线day_04_仿SDWebImage */,
			);
		};
/* End PBXProject section */

/* Begin PBXResourcesBuildPhase section */
		379CD7F61EFD4BA6007E1411 /* Resources */ = {
			isa = PBXResourcesBuildPhase;
			buildActionMask = 2147483647;
			files = (
				379CD80B1EFD4BA6007E1411 /* LaunchScreen.storyboard in Resources */,
				379CD8081EFD4BA6007E1411 /* Assets.xcassets in Resources */,
				379CD8061EFD4BA6007E1411 /* Main.storyboard in Resources */,
			);
			runOnlyForDeploymentPostprocessing = 0;
		};
/* End PBXResourcesBuildPhase section */

/* Begin PBXSourcesBuildPhase section */
		379CD7F41EFD4BA6007E1411 /* Sources */ = {
			isa = PBXSourcesBuildPhase;
			buildActionMask = 2147483647;
			files = (
				379CD8651EFE7C91007E1411 /* NSObject+YYModel.m in Sources */,
				379CD8511EFE7C91007E1411 /* AFSecurityPolicy.m in Sources */,
				379CD8551EFE7C91007E1411 /* MKAnnotationView+WebCache.m in Sources */,
				379CD8531EFE7C91007E1411 /* AFURLResponseSerialization.m in Sources */,
				379CD85D1EFE7C91007E1411 /* SDWebImagePrefetcher.m in Sources */,
				379CD85C1EFE7C91007E1411 /* SDWebImageManager.m in Sources */,
				379CD8031EFD4BA6007E1411 /* ViewController.m in Sources */,
				379CD8001EFD4BA6007E1411 /* AppDelegate.m in Sources */,
				379CD8631EFE7C91007E1411 /* UIImageView+WebCache.m in Sources */,
				379CD8581EFE7C91007E1411 /* SDWebImageCompat.m in Sources */,
				379CD84F1EFE7C91007E1411 /* AFHTTPSessionManager.m in Sources */,
				379CD8591EFE7C91007E1411 /* SDWebImageDecoder.m in Sources */,
				379CD8601EFE7C91007E1411 /* UIImage+MultiFormat.m in Sources */,
				379CD8611EFE7C91007E1411 /* UIImage+WebP.m in Sources */,
				379CD85B1EFE7C91007E1411 /* SDWebImageDownloaderOperation.m in Sources */,
				379CD8641EFE7C91007E1411 /* UIView+WebCacheOperation.m in Sources */,
				379CD85A1EFE7C91007E1411 /* SDWebImageDownloader.m in Sources */,
				379CD85F1EFE7C91007E1411 /* UIImage+GIF.m in Sources */,
				379CD8541EFE7C91007E1411 /* AFURLSessionManager.m in Sources */,
				379CD7FD1EFD4BA6007E1411 /* main.m in Sources */,
				379CD8661EFE7C91007E1411 /* YYClassInfo.m in Sources */,
				379CD8501EFE7C91007E1411 /* AFNetworkReachabilityManager.m in Sources */,
				379CD8621EFE7C91007E1411 /* UIImageView+HighlightedWebCache.m in Sources */,
				379CD86C1EFE89FC007E1411 /* DownloadManager.m in Sources */,
				379CD8171EFD50D4007E1411 /* DownloadOperation.m in Sources */,
				379CD8691EFE7D06007E1411 /* APPModel.m in Sources */,
				379CD8571EFE7C91007E1411 /* SDImageCache.m in Sources */,
				379CD85E1EFE7C91007E1411 /* UIButton+WebCache.m in Sources */,
				379CD8561EFE7C91007E1411 /* NSData+ImageContentType.m in Sources */,
				379CD8521EFE7C91007E1411 /* AFURLRequestSerialization.m in Sources */,
			);
			runOnlyForDeploymentPostprocessing = 0;
		};
/* End PBXSourcesBuildPhase section */

/* Begin PBXVariantGroup section */
		379CD8041EFD4BA6007E1411 /* Main.storyboard */ = {
			isa = PBXVariantGroup;
			children = (
				379CD8051EFD4BA6007E1411 /* Base */,
			);
			name = Main.storyboard;
			sourceTree = "<group>";
		};
		379CD8091EFD4BA6007E1411 /* LaunchScreen.storyboard */ = {
			isa = PBXVariantGroup;
			children = (
				379CD80A1EFD4BA6007E1411 /* Base */,
			);
			name = LaunchScreen.storyboard;
			sourceTree = "<group>";
		};
/* End PBXVariantGroup section */

/* Begin XCBuildConfiguration section */
		379CD80D1EFD4BA6007E1411 /* Debug */ = {
			isa = XCBuildConfiguration;
			buildSettings = {
				ALWAYS_SEARCH_USER_PATHS = NO;
				CLANG_ANALYZER_NONNULL = YES;
				CLANG_CXX_LANGUAGE_STANDARD = "gnu++0x";
				CLANG_CXX_LIBRARY = "libc++";
				CLANG_ENABLE_MODULES = YES;
				CLANG_ENABLE_OBJC_ARC = YES;
				CLANG_WARN_BOOL_CONVERSION = YES;
				CLANG_WARN_CONSTANT_CONVERSION = YES;
				CLANG_WARN_DIRECT_OBJC_ISA_USAGE = YES_ERROR;
				CLANG_WARN_DOCUMENTATION_COMMENTS = YES;
				CLANG_WARN_EMPTY_BODY = YES;
				CLANG_WARN_ENUM_CONVERSION = YES;
				CLANG_WARN_INFINITE_RECURSION = YES;
				CLANG_WARN_INT_CONVERSION = YES;
				CLANG_WARN_OBJC_ROOT_CLASS = YES_ERROR;
				CLANG_WARN_SUSPICIOUS_MOVE = YES;
				CLANG_WARN_UNREACHABLE_CODE = YES;
				CLANG_WARN__DUPLICATE_METHOD_MATCH = YES;
				"CODE_SIGN_IDENTITY[sdk=iphoneos*]" = "iPhone Developer";
				COPY_PHASE_STRIP = NO;
				DEBUG_INFORMATION_FORMAT = dwarf;
				ENABLE_STRICT_OBJC_MSGSEND = YES;
				ENABLE_TESTABILITY = YES;
				GCC_C_LANGUAGE_STANDARD = gnu99;
				GCC_DYNAMIC_NO_PIC = NO;
				GCC_NO_COMMON_BLOCKS = YES;
				GCC_OPTIMIZATION_LEVEL = 0;
				GCC_PREPROCESSOR_DEFINITIONS = (
					"DEBUG=1",
					"$(inherited)",
				);
				GCC_WARN_64_TO_32_BIT_CONVERSION = YES;
				GCC_WARN_ABOUT_RETURN_TYPE = YES_ERROR;
				GCC_WARN_UNDECLARED_SELECTOR = YES;
				GCC_WARN_UNINITIALIZED_AUTOS = YES_AGGRESSIVE;
				GCC_WARN_UNUSED_FUNCTION = YES;
				GCC_WARN_UNUSED_VARIABLE = YES;
				IPHONEOS_DEPLOYMENT_TARGET = 10.2;
				MTL_ENABLE_DEBUG_INFO = YES;
				ONLY_ACTIVE_ARCH = YES;
				SDKROOT = iphoneos;
			};
			name = Debug;
		};
		379CD80E1EFD4BA6007E1411 /* Release */ = {
			isa = XCBuildConfiguration;
			buildSettings = {
				ALWAYS_SEARCH_USER_PATHS = NO;
				CLANG_ANALYZER_NONNULL = YES;
				CLANG_CXX_LANGUAGE_STANDARD = "gnu++0x";
				CLANG_CXX_LIBRARY = "libc++";
				CLANG_ENABLE_MODULES = YES;
				CLANG_ENABLE_OBJC_ARC = YES;
				CLANG_WARN_BOOL_CONVERSION = YES;
				CLANG_WARN_CONSTANT_CONVERSION = YES;
				CLANG_WARN_DIRECT_OBJC_ISA_USAGE = YES_ERROR;
				CLANG_WARN_DOCUMENTATION_COMMENTS = YES;
				CLANG_WARN_EMPTY_BODY = YES;
				CLANG_WARN_ENUM_CONVERSION = YES;
				CLANG_WARN_INFINITE_RECURSION = YES;
				CLANG_WARN_INT_CONVERSION = YES;
				CLANG_WARN_OBJC_ROOT_CLASS = YES_ERROR;
				CLANG_WARN_SUSPICIOUS_MOVE = YES;
				CLANG_WARN_UNREACHABLE_CODE = YES;
				CLANG_WARN__DUPLICATE_METHOD_MATCH = YES;
				"CODE_SIGN_IDENTITY[sdk=iphoneos*]" = "iPhone Developer";
				COPY_PHASE_STRIP = NO;
				DEBUG_INFORMATION_FORMAT = "dwarf-with-dsym";
				ENABLE_NS_ASSERTIONS = NO;
				ENABLE_STRICT_OBJC_MSGSEND = YES;
				GCC_C_LANGUAGE_STANDARD = gnu99;
				GCC_NO_COMMON_BLOCKS = YES;
				GCC_WARN_64_TO_32_BIT_CONVERSION = YES;
				GCC_WARN_ABOUT_RETURN_TYPE = YES_ERROR;
				GCC_WARN_UNDECLARED_SELECTOR = YES;
				GCC_WARN_UNINITIALIZED_AUTOS = YES_AGGRESSIVE;
				GCC_WARN_UNUSED_FUNCTION = YES;
				GCC_WARN_UNUSED_VARIABLE = YES;
				IPHONEOS_DEPLOYMENT_TARGET = 10.2;
				MTL_ENABLE_DEBUG_INFO = NO;
				SDKROOT = iphoneos;
				VALIDATE_PRODUCT = YES;
			};
			name = Release;
		};
		379CD8101EFD4BA6007E1411 /* Debug */ = {
			isa = XCBuildConfiguration;
			buildSettings = {
				ASSETCATALOG_COMPILER_APPICON_NAME = AppIcon;
				INFOPLIST_FILE = "线day_04_仿SDWebImage/Info.plist";
				LD_RUNPATH_SEARCH_PATHS = "$(inherited) @executable_path/Frameworks";
				PRODUCT_BUNDLE_IDENTIFIER = "com.AAAA.www.-day-04--SDWebImage";
				PRODUCT_NAME = "$(TARGET_NAME)";
			};
			name = Debug;
		};
		379CD8111EFD4BA6007E1411 /* Release */ = {
			isa = XCBuildConfiguration;
			buildSettings = {
				ASSETCATALOG_COMPILER_APPICON_NAME = AppIcon;
				INFOPLIST_FILE = "线day_04_仿SDWebImage/Info.plist";
				LD_RUNPATH_SEARCH_PATHS = "$(inherited) @executable_path/Frameworks";
				PRODUCT_BUNDLE_IDENTIFIER = "com.AAAA.www.-day-04--SDWebImage";
				PRODUCT_NAME = "$(TARGET_NAME)";
			};
			name = Release;
		};
/* End XCBuildConfiguration section */

/* Begin XCConfigurationList section */
		379CD7F31EFD4BA6007E1411 /* Build configuration list for PBXProject "线day_04_仿SDWebImage" */ = {
			isa = XCConfigurationList;
			buildConfigurations = (
				379CD80D1EFD4BA6007E1411 /* Debug */,
				379CD80E1EFD4BA6007E1411 /* Release */,
			);
			defaultConfigurationIsVisible = 0;
			defaultConfigurationName = Release;
		};
		379CD80F1EFD4BA6007E1411 /* Build configuration list for PBXNativeTarget "线day_04_仿SDWebImage" */ = {
			isa = XCConfigurationList;
			buildConfigurations = (
				379CD8101EFD4BA6007E1411 /* Debug */,
				379CD8111EFD4BA6007E1411 /* Release */,
			);
			defaultConfigurationIsVisible = 0;
			defaultConfigurationName = Release;
		};
/* End XCConfigurationList section */
	};
	rootObject = 379CD7F01EFD4BA6007E1411 /* Project object */;
}
